
Microsoft Visual Studio Solution File, Format Version 12.00
# Visual Studio Version 17
VisualStudioVersion = 17.9.34622.214
MinimumVisualStudioVersion = 10.0.40219.1
Project("{9A19103F-16F7-4668-BE54-9A1E7A4F7556}") = "BlazorServerWithDocker", "BlazorServerWithDocker.csproj", "{4B9E92B5-3B5A-4462-9E3C-DCBF25133760}"
EndProject
Global
	GlobalSection(SolutionConfigurationPlatforms) = preSolution
		Debug|Any CPU = Debug|Any CPU
		Release|Any CPU = Release|Any CPU
	EndGlobalSection
	GlobalSection(ProjectConfigurationPlatforms) = postSolution
		{4B9E92B5-3B5A-4462-9E3C-DCBF25133760}.Debug|Any CPU.ActiveCfg = Debug|Any CPU
		{4B9E92B5-3B5A-4462-9E3C-DCBF25133760}.Debug|Any CPU.Build.0 = Debug|Any CPU
		{4B9E92B5-3B5A-4462-9E3C-DCBF25133760}.Release|Any CPU.ActiveCfg = Release|Any CPU
		{4B9E92B5-3B5A-4462-9E3C-DCBF25133760}.Release|Any CPU.Build.0 = Release|Any CPU
	EndGlobalSection
	GlobalSection(SolutionProperties) = preSolution
		HideSolutionNode = FALSE
	EndGlobalSection
	GlobalSection(ExtensibilityGlobals) = postSolution
		SolutionGuid = {18077B76-C16E-4704-A6CF-3BC9FC0AA0C6}
	EndGlobalSection
EndGlobal
