
Microsoft Visual Studio Solution File, Format Version 12.00
# Visual Studio Version 17
VisualStudioVersion = 17.4.33103.184
MinimumVisualStudioVersion = 10.0.40219.1
Project("{FAE04EC0-301F-11D3-BF4B-00C04F79EFBC}") = "BlazorServerAppExample", "BlazorServerAppExample\BlazorServerAppExample.csproj", "{14274F3B-C7D0-499C-B38E-A55D43FA6E6D}"
EndProject
Global
	GlobalSection(SolutionConfigurationPlatforms) = preSolution
		Debug|Any CPU = Debug|Any CPU
		Release|Any CPU = Release|Any CPU
	EndGlobalSection
	GlobalSection(ProjectConfigurationPlatforms) = postSolution
		{14274F3B-C7D0-499C-B38E-A55D43FA6E6D}.Debug|Any CPU.ActiveCfg = Debug|Any CPU
		{14274F3B-C7D0-499C-B38E-A55D43FA6E6D}.Debug|Any CPU.Build.0 = Debug|Any CPU
		{14274F3B-C7D0-499C-B38E-A55D43FA6E6D}.Release|Any CPU.ActiveCfg = Release|Any CPU
		{14274F3B-C7D0-499C-B38E-A55D43FA6E6D}.Release|Any CPU.Build.0 = Release|Any CPU
	EndGlobalSection
	GlobalSection(SolutionProperties) = preSolution
		HideSolutionNode = FALSE
	EndGlobalSection
	GlobalSection(ExtensibilityGlobals) = postSolution
		SolutionGuid = {AC1F6B86-6A68-418F-A146-7B5644763179}
	EndGlobalSection
EndGlobal
