
Microsoft Visual Studio Solution File, Format Version 12.00
# Visual Studio Version 17
VisualStudioVersion = 17.9.34622.214
MinimumVisualStudioVersion = 10.0.40219.1
Project("{FAE04EC0-301F-11D3-BF4B-00C04F79EFBC}") = "BlazorWebAppServer", "BlazorWebAppServer\BlazorWebAppServer.csproj", "{87C80644-2910-42C7-B658-77F7A68ACCD8}"
EndProject
Global
	GlobalSection(SolutionConfigurationPlatforms) = preSolution
		Debug|Any CPU = Debug|Any CPU
		Release|Any CPU = Release|Any CPU
	EndGlobalSection
	GlobalSection(ProjectConfigurationPlatforms) = postSolution
		{87C80644-2910-42C7-B658-77F7A68ACCD8}.Debug|Any CPU.ActiveCfg = Debug|Any CPU
		{87C80644-2910-42C7-B658-77F7A68ACCD8}.Debug|Any CPU.Build.0 = Debug|Any CPU
		{87C80644-2910-42C7-B658-77F7A68ACCD8}.Release|Any CPU.ActiveCfg = Release|Any CPU
		{87C80644-2910-42C7-B658-77F7A68ACCD8}.Release|Any CPU.Build.0 = Release|Any CPU
	EndGlobalSection
	GlobalSection(SolutionProperties) = preSolution
		HideSolutionNode = FALSE
	EndGlobalSection
	GlobalSection(ExtensibilityGlobals) = postSolution
		SolutionGuid = {5641E9AD-5C40-46D9-9B15-8C1452BB7149}
	EndGlobalSection
EndGlobal
