
Microsoft Visual Studio Solution File, Format Version 12.00
# Visual Studio Version 17
VisualStudioVersion = 17.9.34622.214
MinimumVisualStudioVersion = 10.0.40219.1
Project("{FAE04EC0-301F-11D3-BF4B-00C04F79EFBC}") = "BlazorAppAuto", "BlazorAppAuto\BlazorAppAuto\BlazorAppAuto.csproj", "{A8ECF477-2802-4EAA-AEE0-32CC679640C8}"
EndProject
Project("{FAE04EC0-301F-11D3-BF4B-00C04F79EFBC}") = "BlazorAppAuto.Client", "BlazorAppAuto\BlazorAppAuto.Client\BlazorAppAuto.Client.csproj", "{AAF719FB-9154-40A3-BB7E-DE29C8A507E2}"
EndProject
Global
	GlobalSection(SolutionConfigurationPlatforms) = preSolution
		Debug|Any CPU = Debug|Any CPU
		Release|Any CPU = Release|Any CPU
	EndGlobalSection
	GlobalSection(ProjectConfigurationPlatforms) = postSolution
		{A8ECF477-2802-4EAA-AEE0-32CC679640C8}.Debug|Any CPU.ActiveCfg = Debug|Any CPU
		{A8ECF477-2802-4EAA-AEE0-32CC679640C8}.Debug|Any CPU.Build.0 = Debug|Any CPU
		{A8ECF477-2802-4EAA-AEE0-32CC679640C8}.Release|Any CPU.ActiveCfg = Release|Any CPU
		{A8ECF477-2802-4EAA-AEE0-32CC679640C8}.Release|Any CPU.Build.0 = Release|Any CPU
		{AAF719FB-9154-40A3-BB7E-DE29C8A507E2}.Debug|Any CPU.ActiveCfg = Debug|Any CPU
		{AAF719FB-9154-40A3-BB7E-DE29C8A507E2}.Debug|Any CPU.Build.0 = Debug|Any CPU
		{AAF719FB-9154-40A3-BB7E-DE29C8A507E2}.Release|Any CPU.ActiveCfg = Release|Any CPU
		{AAF719FB-9154-40A3-BB7E-DE29C8A507E2}.Release|Any CPU.Build.0 = Release|Any CPU
	EndGlobalSection
	GlobalSection(SolutionProperties) = preSolution
		HideSolutionNode = FALSE
	EndGlobalSection
	GlobalSection(ExtensibilityGlobals) = postSolution
		SolutionGuid = {D97A0B40-EEA1-43C0-ADBC-969B2B8745D4}
	EndGlobalSection
EndGlobal
